# Code generated by scarb DO NOT EDIT.
version = 1

[[package]]
name = "bounded_int"
version = "0.1.0"

[[package]]
name = "fact_registry"
version = "0.1.0"
dependencies = [
 "snforge_std",
 "stwo_cairo_air",
]

[[package]]
name = "snforge_scarb_plugin"
version = "0.33.0"
source = "git+https://github.com/foundry-rs/starknet-foundry?tag=v0.33.0#221b1dbff42d650e9855afd4283508da8f8cacba"

[[package]]
name = "snforge_std"
version = "0.33.0"
source = "git+https://github.com/foundry-rs/starknet-foundry?tag=v0.33.0#221b1dbff42d650e9855afd4283508da8f8cacba"
dependencies = [
 "snforge_scarb_plugin",
]

[[package]]
name = "stwo_cairo_air"
version = "0.1.0"
dependencies = [
 "stwo_constraint_framework",
 "stwo_verifier_core",
]

[[package]]
name = "stwo_constraint_framework"
version = "0.1.0"
dependencies = [
 "stwo_verifier_core",
]

[[package]]
name = "stwo_verifier_core"
version = "0.1.0"
dependencies = [
 "bounded_int",
]

[[package]]
name = "verifier_bin"
version = "0.1.0"
dependencies = [
 "stwo_cairo_air",
]
